
Microsoft Visual Studio Solution File, Format Version 12.00
# Visual Studio 14
VisualStudioVersion = 14.0.25420.1
MinimumVisualStudioVersion = 10.0.40219.1
Project("{2150E333-8FDC-42A3-9474-1A3956D46DE8}") = "UnsplashClock", "UnsplashClock", "{27A9BCD1-0F35-424D-9628-B1FEC5B9DDD2}"
EndProject
Project("{FAE04EC0-301F-11D3-BF4B-00C04F79EFBC}") = "UnsplashClock.Windows", "UnsplashClock81\UnsplashClock.Windows.csproj", "{58843499-85A0-42FD-9DA8-A978F62C4AFD}"
EndProject
Project("{FAE04EC0-301F-11D3-BF4B-00C04F79EFBC}") = "UnsplashClock10", "UnsplashClock10\UnsplashClock10.csproj", "{8A39A885-105D-4A00-9E32-BA028F373593}"
EndProject
Project("{FAE04EC0-301F-11D3-BF4B-00C04F79EFBC}") = "Common", "Common\Common.csproj", "{F645F97A-F23C-4749-ADC2-F050EFFC4B5B}"
EndProject
Global
	GlobalSection(SolutionConfigurationPlatforms) = preSolution
		Debug|Any CPU = Debug|Any CPU
		Debug|ARM = Debug|ARM
		Debug|x64 = Debug|x64
		Debug|x86 = Debug|x86
		Release|Any CPU = Release|Any CPU
		Release|ARM = Release|ARM
		Release|x64 = Release|x64
		Release|x86 = Release|x86
	EndGlobalSection
	GlobalSection(ProjectConfigurationPlatforms) = postSolution
		{58843499-85A0-42FD-9DA8-A978F62C4AFD}.Debug|Any CPU.ActiveCfg = Debug|Any CPU
		{58843499-85A0-42FD-9DA8-A978F62C4AFD}.Debug|Any CPU.Build.0 = Debug|Any CPU
		{58843499-85A0-42FD-9DA8-A978F62C4AFD}.Debug|Any CPU.Deploy.0 = Debug|Any CPU
		{58843499-85A0-42FD-9DA8-A978F62C4AFD}.Debug|ARM.ActiveCfg = Debug|ARM
		{58843499-85A0-42FD-9DA8-A978F62C4AFD}.Debug|ARM.Build.0 = Debug|ARM
		{58843499-85A0-42FD-9DA8-A978F62C4AFD}.Debug|ARM.Deploy.0 = Debug|ARM
		{58843499-85A0-42FD-9DA8-A978F62C4AFD}.Debug|x64.ActiveCfg = Debug|x64
		{58843499-85A0-42FD-9DA8-A978F62C4AFD}.Debug|x64.Build.0 = Debug|x64
		{58843499-85A0-42FD-9DA8-A978F62C4AFD}.Debug|x64.Deploy.0 = Debug|x64
		{58843499-85A0-42FD-9DA8-A978F62C4AFD}.Debug|x86.ActiveCfg = Debug|x86
		{58843499-85A0-42FD-9DA8-A978F62C4AFD}.Debug|x86.Build.0 = Debug|x86
		{58843499-85A0-42FD-9DA8-A978F62C4AFD}.Debug|x86.Deploy.0 = Debug|x86
		{58843499-85A0-42FD-9DA8-A978F62C4AFD}.Release|Any CPU.ActiveCfg = Release|Any CPU
		{58843499-85A0-42FD-9DA8-A978F62C4AFD}.Release|Any CPU.Build.0 = Release|Any CPU
		{58843499-85A0-42FD-9DA8-A978F62C4AFD}.Release|Any CPU.Deploy.0 = Release|Any CPU
		{58843499-85A0-42FD-9DA8-A978F62C4AFD}.Release|ARM.ActiveCfg = Release|ARM
		{58843499-85A0-42FD-9DA8-A978F62C4AFD}.Release|ARM.Build.0 = Release|ARM
		{58843499-85A0-42FD-9DA8-A978F62C4AFD}.Release|ARM.Deploy.0 = Release|ARM
		{58843499-85A0-42FD-9DA8-A978F62C4AFD}.Release|x64.ActiveCfg = Release|x64
		{58843499-85A0-42FD-9DA8-A978F62C4AFD}.Release|x64.Build.0 = Release|x64
		{58843499-85A0-42FD-9DA8-A978F62C4AFD}.Release|x64.Deploy.0 = Release|x64
		{58843499-85A0-42FD-9DA8-A978F62C4AFD}.Release|x86.ActiveCfg = Release|x86
		{58843499-85A0-42FD-9DA8-A978F62C4AFD}.Release|x86.Build.0 = Release|x86
		{58843499-85A0-42FD-9DA8-A978F62C4AFD}.Release|x86.Deploy.0 = Release|x86
		{8A39A885-105D-4A00-9E32-BA028F373593}.Debug|Any CPU.ActiveCfg = Debug|x86
		{8A39A885-105D-4A00-9E32-BA028F373593}.Debug|Any CPU.Build.0 = Debug|x86
		{8A39A885-105D-4A00-9E32-BA028F373593}.Debug|Any CPU.Deploy.0 = Debug|x86
		{8A39A885-105D-4A00-9E32-BA028F373593}.Debug|ARM.ActiveCfg = Debug|ARM
		{8A39A885-105D-4A00-9E32-BA028F373593}.Debug|ARM.Build.0 = Debug|ARM
		{8A39A885-105D-4A00-9E32-BA028F373593}.Debug|ARM.Deploy.0 = Debug|ARM
		{8A39A885-105D-4A00-9E32-BA028F373593}.Debug|x64.ActiveCfg = Debug|x64
		{8A39A885-105D-4A00-9E32-BA028F373593}.Debug|x64.Build.0 = Debug|x64
		{8A39A885-105D-4A00-9E32-BA028F373593}.Debug|x64.Deploy.0 = Debug|x64
		{8A39A885-105D-4A00-9E32-BA028F373593}.Debug|x86.ActiveCfg = Debug|x86
		{8A39A885-105D-4A00-9E32-BA028F373593}.Debug|x86.Build.0 = Debug|x86
		{8A39A885-105D-4A00-9E32-BA028F373593}.Debug|x86.Deploy.0 = Debug|x86
		{8A39A885-105D-4A00-9E32-BA028F373593}.Release|Any CPU.ActiveCfg = Release|x86
		{8A39A885-105D-4A00-9E32-BA028F373593}.Release|Any CPU.Build.0 = Release|x86
		{8A39A885-105D-4A00-9E32-BA028F373593}.Release|Any CPU.Deploy.0 = Release|x86
		{8A39A885-105D-4A00-9E32-BA028F373593}.Release|ARM.ActiveCfg = Release|ARM
		{8A39A885-105D-4A00-9E32-BA028F373593}.Release|ARM.Build.0 = Release|ARM
		{8A39A885-105D-4A00-9E32-BA028F373593}.Release|ARM.Deploy.0 = Release|ARM
		{8A39A885-105D-4A00-9E32-BA028F373593}.Release|x64.ActiveCfg = Release|x64
		{8A39A885-105D-4A00-9E32-BA028F373593}.Release|x64.Build.0 = Release|x64
		{8A39A885-105D-4A00-9E32-BA028F373593}.Release|x64.Deploy.0 = Release|x64
		{8A39A885-105D-4A00-9E32-BA028F373593}.Release|x86.ActiveCfg = Release|x86
		{8A39A885-105D-4A00-9E32-BA028F373593}.Release|x86.Build.0 = Release|x86
		{8A39A885-105D-4A00-9E32-BA028F373593}.Release|x86.Deploy.0 = Release|x86
		{F645F97A-F23C-4749-ADC2-F050EFFC4B5B}.Debug|Any CPU.ActiveCfg = Debug|Any CPU
		{F645F97A-F23C-4749-ADC2-F050EFFC4B5B}.Debug|Any CPU.Build.0 = Debug|Any CPU
		{F645F97A-F23C-4749-ADC2-F050EFFC4B5B}.Debug|ARM.ActiveCfg = Debug|Any CPU
		{F645F97A-F23C-4749-ADC2-F050EFFC4B5B}.Debug|ARM.Build.0 = Debug|Any CPU
		{F645F97A-F23C-4749-ADC2-F050EFFC4B5B}.Debug|x64.ActiveCfg = Debug|Any CPU
		{F645F97A-F23C-4749-ADC2-F050EFFC4B5B}.Debug|x64.Build.0 = Debug|Any CPU
		{F645F97A-F23C-4749-ADC2-F050EFFC4B5B}.Debug|x86.ActiveCfg = Debug|Any CPU
		{F645F97A-F23C-4749-ADC2-F050EFFC4B5B}.Debug|x86.Build.0 = Debug|Any CPU
		{F645F97A-F23C-4749-ADC2-F050EFFC4B5B}.Release|Any CPU.ActiveCfg = Release|Any CPU
		{F645F97A-F23C-4749-ADC2-F050EFFC4B5B}.Release|Any CPU.Build.0 = Release|Any CPU
		{F645F97A-F23C-4749-ADC2-F050EFFC4B5B}.Release|ARM.ActiveCfg = Release|Any CPU
		{F645F97A-F23C-4749-ADC2-F050EFFC4B5B}.Release|ARM.Build.0 = Release|Any CPU
		{F645F97A-F23C-4749-ADC2-F050EFFC4B5B}.Release|x64.ActiveCfg = Release|Any CPU
		{F645F97A-F23C-4749-ADC2-F050EFFC4B5B}.Release|x64.Build.0 = Release|Any CPU
		{F645F97A-F23C-4749-ADC2-F050EFFC4B5B}.Release|x86.ActiveCfg = Release|Any CPU
		{F645F97A-F23C-4749-ADC2-F050EFFC4B5B}.Release|x86.Build.0 = Release|Any CPU
	EndGlobalSection
	GlobalSection(SolutionProperties) = preSolution
		HideSolutionNode = FALSE
	EndGlobalSection
	GlobalSection(NestedProjects) = preSolution
		{58843499-85A0-42FD-9DA8-A978F62C4AFD} = {27A9BCD1-0F35-424D-9628-B1FEC5B9DDD2}
		{8A39A885-105D-4A00-9E32-BA028F373593} = {27A9BCD1-0F35-424D-9628-B1FEC5B9DDD2}
		{F645F97A-F23C-4749-ADC2-F050EFFC4B5B} = {27A9BCD1-0F35-424D-9628-B1FEC5B9DDD2}
	EndGlobalSection
EndGlobal
